
Microsoft Visual Studio Solution File, Format Version 12.00
# Visual Studio Version 16
VisualStudioVersion = 16.0.31019.35
MinimumVisualStudioVersion = 10.0.40219.1
Project("{FAE04EC0-301F-11D3-BF4B-00C04F79EFBC}") = "HealthCalculator", "HealthCalculator\HealthCalculator.csproj", "{56C2607E-4C59-4567-B1CC-88326C00F1BA}"
EndProject
Project("{FAE04EC0-301F-11D3-BF4B-00C04F79EFBC}") = "HealthCalculator.Tests", "HealthCalculator.Tests\HealthCalculator.Tests.csproj", "{CC3D7056-2A1E-48F8-AE96-FD36304B63A4}"
EndProject
Project("{FAE04EC0-301F-11D3-BF4B-00C04F79EFBC}") = "HealthCalculator.GUI", "HealthCalculator.GUI\HealthCalculator.GUI.csproj", "{645B61A0-F45D-462B-8F37-E737BF9C9BCD}"
EndProject
Global
	GlobalSection(SolutionConfigurationPlatforms) = preSolution
		Debug|Any CPU = Debug|Any CPU
		Release|Any CPU = Release|Any CPU
	EndGlobalSection
	GlobalSection(ProjectConfigurationPlatforms) = postSolution
		{56C2607E-4C59-4567-B1CC-88326C00F1BA}.Debug|Any CPU.ActiveCfg = Debug|Any CPU
		{56C2607E-4C59-4567-B1CC-88326C00F1BA}.Debug|Any CPU.Build.0 = Debug|Any CPU
		{56C2607E-4C59-4567-B1CC-88326C00F1BA}.Release|Any CPU.ActiveCfg = Release|Any CPU
		{56C2607E-4C59-4567-B1CC-88326C00F1BA}.Release|Any CPU.Build.0 = Release|Any CPU
		{CC3D7056-2A1E-48F8-AE96-FD36304B63A4}.Debug|Any CPU.ActiveCfg = Debug|Any CPU
		{CC3D7056-2A1E-48F8-AE96-FD36304B63A4}.Debug|Any CPU.Build.0 = Debug|Any CPU
		{CC3D7056-2A1E-48F8-AE96-FD36304B63A4}.Release|Any CPU.ActiveCfg = Release|Any CPU
		{CC3D7056-2A1E-48F8-AE96-FD36304B63A4}.Release|Any CPU.Build.0 = Release|Any CPU
		{645B61A0-F45D-462B-8F37-E737BF9C9BCD}.Debug|Any CPU.ActiveCfg = Debug|Any CPU
		{645B61A0-F45D-462B-8F37-E737BF9C9BCD}.Debug|Any CPU.Build.0 = Debug|Any CPU
		{645B61A0-F45D-462B-8F37-E737BF9C9BCD}.Release|Any CPU.ActiveCfg = Release|Any CPU
		{645B61A0-F45D-462B-8F37-E737BF9C9BCD}.Release|Any CPU.Build.0 = Release|Any CPU
	EndGlobalSection
	GlobalSection(SolutionProperties) = preSolution
		HideSolutionNode = FALSE
	EndGlobalSection
	GlobalSection(ExtensibilityGlobals) = postSolution
		SolutionGuid = {F5F526B7-708D-4847-9016-5DA1EE5B1EE8}
	EndGlobalSection
EndGlobal
